
Microsoft Visual Studio Solution File, Format Version 10.00
# Visual Studio 2008
Project("{94D665CA-D915-4DE1-AA53-913450A1AE2D}") = "Basics", "Basics\Basics.fsharpp", "{AA65082D-4BC4-497E-8F39-942C00AE0FD1}"
EndProject
Project("{94D665CA-D915-4DE1-AA53-913450A1AE2D}") = "Quotations", "Quotations\Quotations.fsharpp", "{EF3FB5A8-764C-4A2F-9AD7-CCC9657E2978}"
EndProject
Global
	GlobalSection(SolutionConfigurationPlatforms) = preSolution
		Debug|Win32 = Debug|Win32
		Release|Win32 = Release|Win32
	EndGlobalSection
	GlobalSection(ProjectConfigurationPlatforms) = postSolution
		{AA65082D-4BC4-497E-8F39-942C00AE0FD1}.Debug|Win32.ActiveCfg = Debug|Win32
		{AA65082D-4BC4-497E-8F39-942C00AE0FD1}.Debug|Win32.Build.0 = Debug|Win32
		{AA65082D-4BC4-497E-8F39-942C00AE0FD1}.Release|Win32.ActiveCfg = Release|Win32
		{AA65082D-4BC4-497E-8F39-942C00AE0FD1}.Release|Win32.Build.0 = Release|Win32
		{EF3FB5A8-764C-4A2F-9AD7-CCC9657E2978}.Debug|Win32.ActiveCfg = Debug|Win32
		{EF3FB5A8-764C-4A2F-9AD7-CCC9657E2978}.Debug|Win32.Build.0 = Debug|Win32
		{EF3FB5A8-764C-4A2F-9AD7-CCC9657E2978}.Release|Win32.ActiveCfg = Release|Win32
		{EF3FB5A8-764C-4A2F-9AD7-CCC9657E2978}.Release|Win32.Build.0 = Release|Win32
	EndGlobalSection
	GlobalSection(SolutionProperties) = preSolution
		HideSolutionNode = FALSE
	EndGlobalSection
EndGlobal
