
Microsoft Visual Studio Solution File, Format Version 10.00
# Visual Studio 2008
Project("{94D665CA-D915-4DE1-AA53-913450A1AE2D}") = "WinFormWithEvents", "WinFormWithEvents\WinFormWithEvents.fsharpp", "{2A4AE639-A2DF-4972-946C-CE6D11CA9780}"
EndProject
Global
	GlobalSection(SolutionConfigurationPlatforms) = preSolution
		Debug|Win32 = Debug|Win32
		Release|Win32 = Release|Win32
	EndGlobalSection
	GlobalSection(ProjectConfigurationPlatforms) = postSolution
		{2A4AE639-A2DF-4972-946C-CE6D11CA9780}.Debug|Win32.ActiveCfg = Debug|Win32
		{2A4AE639-A2DF-4972-946C-CE6D11CA9780}.Debug|Win32.Build.0 = Debug|Win32
		{2A4AE639-A2DF-4972-946C-CE6D11CA9780}.Release|Win32.ActiveCfg = Release|Win32
		{2A4AE639-A2DF-4972-946C-CE6D11CA9780}.Release|Win32.Build.0 = Release|Win32
	EndGlobalSection
	GlobalSection(SolutionProperties) = preSolution
		HideSolutionNode = FALSE
	EndGlobalSection
EndGlobal
